<?xml version="1.0" encoding="utf-8"?>
<Project ToolsVersion="4.0" xmlns="http://schemas.microsoft.com/developer/msbuild/2003">
  <ItemGroup>
    <Filter Include="源文件">
      <UniqueIdentifier>{4FC737F1-C7A5-4376-A066-2A32D752A2FF}</UniqueIdentifier>
      <Extensions>cpp;c;cc;cxx;c++;cppm;ixx;def;odl;idl;hpj;bat;asm;asmx</Extensions>
    </Filter>
    <Filter Include="头文件">
      <UniqueIdentifier>{93995380-89BD-4b04-88EB-625FBE52EBFB}</UniqueIdentifier>
      <Extensions>h;hh;hpp;hxx;h++;hm;inl;inc;ipp;xsd</Extensions>
    </Filter>
    <Filter Include="资源文件">
      <UniqueIdentifier>{67DA6AB6-F800-4c08-8B7A-83BB121AAD01}</UniqueIdentifier>
      <Extensions>rc;ico;cur;bmp;dlg;rc2;rct;bin;rgs;gif;jpg;jpeg;jpe;resx;tiff;tif;png;wav;mfcribbon-ms</Extensions>
    </Filter>
  </ItemGroup>
  <ItemGroup>
    <ClCompile Include="main.cpp">
      <Filter>源文件</Filter>
    </ClCompile>
  </ItemGroup>
  <ItemGroup>
    <ClInclude Include="1maxDepth.h">
      <Filter>头文件</Filter>
    </ClInclude>
    <ClInclude Include="2从前序和中序遍历序列构造二叉树.h">
      <Filter>头文件</Filter>
    </ClInclude>
    <ClInclude Include="3binary_search_tree.h">
      <Filter>头文件</Filter>
    </ClInclude>
    <ClInclude Include="4num_binary_tree_math.h">
      <Filter>头文件</Filter>
    </ClInclude>
    <ClInclude Include="5num_binary_tree_math2.h">
      <Filter>头文件</Filter>
    </ClInclude>
    <ClInclude Include="6binary_tree_to_chain.h">
      <Filter>头文件</Filter>
    </ClInclude>
    <ClInclude Include="7balance_tree.h">
      <Filter>头文件</Filter>
    </ClInclude>
    <ClInclude Include="8root_to_leaf_sum.h">
      <Filter>头文件</Filter>
    </ClInclude>
    <ClInclude Include="9binary_max_sum.h">
      <Filter>头文件</Filter>
    </ClInclude>
    <ClInclude Include="10longestUnivaluePath.h">
      <Filter>头文件</Filter>
    </ClInclude>
    <ClInclude Include="11diameterofBinary.h">
      <Filter>头文件</Filter>
    </ClInclude>
    <ClInclude Include="12binaryTreePaths.h">
      <Filter>头文件</Filter>
    </ClInclude>
    <ClInclude Include="14isValidBST.h">
      <Filter>头文件</Filter>
    </ClInclude>
    <ClInclude Include="15insertIntoBST.h">
      <Filter>头文件</Filter>
    </ClInclude>
    <ClInclude Include="13rob3.h">
      <Filter>头文件</Filter>
    </ClInclude>
  </ItemGroup>
</Project>